
Microsoft Visual Studio Solution File, Format Version 12.00
# Visual Studio 2012
Project("{8BC9CEB8-8B4A-11D0-8D11-00A0C91BC942}") = "SampleGrabberExample", "SampleGrabberExample\SampleGrabberExample.vcxproj", "{5152915E-CD8D-47CB-92CD-AD9C6EE24ABE}"
EndProject
Project("{8BC9CEB8-8B4A-11D0-8D11-00A0C91BC942}") = "SaveUYVY2BMP", "SaveUYVY2BMP\SaveUYVY2BMP.vcxproj", "{258F3C77-6FD9-4536-B2B0-B95CDF522237}"
EndProject
Project("{8BC9CEB8-8B4A-11D0-8D11-00A0C91BC942}") = "SaveYUY22BMP", "SaveYUY22BMP\SaveYUY22BMP.vcxproj", "{B51A9044-6275-49E9-B14B-706276682B8D}"
EndProject
Project("{8BC9CEB8-8B4A-11D0-8D11-00A0C91BC942}") = "x264Example", "x264Example\x264Example.vcxproj", "{6071785C-9C28-43E5-9A23-9AF6536AA2F2}"
EndProject
Project("{8BC9CEB8-8B4A-11D0-8D11-00A0C91BC942}") = "YUVToX264File", "YUVToX264File\YUVToX264File.vcxproj", "{8B1E6F35-CB2A-463B-AD6D-EFF06C060545}"
EndProject
Global
	GlobalSection(SolutionConfigurationPlatforms) = preSolution
		Debug|Win32 = Debug|Win32
		Release|Win32 = Release|Win32
	EndGlobalSection
	GlobalSection(ProjectConfigurationPlatforms) = postSolution
		{5152915E-CD8D-47CB-92CD-AD9C6EE24ABE}.Debug|Win32.ActiveCfg = Debug|Win32
		{5152915E-CD8D-47CB-92CD-AD9C6EE24ABE}.Debug|Win32.Build.0 = Debug|Win32
		{5152915E-CD8D-47CB-92CD-AD9C6EE24ABE}.Release|Win32.ActiveCfg = Release|Win32
		{5152915E-CD8D-47CB-92CD-AD9C6EE24ABE}.Release|Win32.Build.0 = Release|Win32
		{258F3C77-6FD9-4536-B2B0-B95CDF522237}.Debug|Win32.ActiveCfg = Debug|Win32
		{258F3C77-6FD9-4536-B2B0-B95CDF522237}.Debug|Win32.Build.0 = Debug|Win32
		{258F3C77-6FD9-4536-B2B0-B95CDF522237}.Release|Win32.ActiveCfg = Release|Win32
		{258F3C77-6FD9-4536-B2B0-B95CDF522237}.Release|Win32.Build.0 = Release|Win32
		{B51A9044-6275-49E9-B14B-706276682B8D}.Debug|Win32.ActiveCfg = Debug|Win32
		{B51A9044-6275-49E9-B14B-706276682B8D}.Debug|Win32.Build.0 = Debug|Win32
		{B51A9044-6275-49E9-B14B-706276682B8D}.Release|Win32.ActiveCfg = Release|Win32
		{B51A9044-6275-49E9-B14B-706276682B8D}.Release|Win32.Build.0 = Release|Win32
		{6071785C-9C28-43E5-9A23-9AF6536AA2F2}.Debug|Win32.ActiveCfg = Debug|Win32
		{6071785C-9C28-43E5-9A23-9AF6536AA2F2}.Debug|Win32.Build.0 = Debug|Win32
		{6071785C-9C28-43E5-9A23-9AF6536AA2F2}.Release|Win32.ActiveCfg = Release|Win32
		{6071785C-9C28-43E5-9A23-9AF6536AA2F2}.Release|Win32.Build.0 = Release|Win32
		{8B1E6F35-CB2A-463B-AD6D-EFF06C060545}.Debug|Win32.ActiveCfg = Debug|Win32
		{8B1E6F35-CB2A-463B-AD6D-EFF06C060545}.Debug|Win32.Build.0 = Debug|Win32
		{8B1E6F35-CB2A-463B-AD6D-EFF06C060545}.Release|Win32.ActiveCfg = Release|Win32
		{8B1E6F35-CB2A-463B-AD6D-EFF06C060545}.Release|Win32.Build.0 = Release|Win32
	EndGlobalSection
	GlobalSection(SolutionProperties) = preSolution
		HideSolutionNode = FALSE
	EndGlobalSection
EndGlobal
